
Microsoft Visual Studio Solution File, Format Version 12.00
# Visual Studio Version 16
VisualStudioVersion = 25.0.1706.2
MinimumVisualStudioVersion = 10.0.40219.1
Project("{FAE04EC0-301F-11D3-BF4B-00C04F79EFBC}") = "WebAppTesty2024", "WebAppTesty2024.csproj", "{B9CF243C-C838-4A1A-A827-4BFF40658ADF}"
EndProject
Global
	GlobalSection(SolutionConfigurationPlatforms) = preSolution
		Debug|Any CPU = Debug|Any CPU
		Release|Any CPU = Release|Any CPU
	EndGlobalSection
	GlobalSection(ProjectConfigurationPlatforms) = postSolution
		{B9CF243C-C838-4A1A-A827-4BFF40658ADF}.Debug|Any CPU.ActiveCfg = Debug|Any CPU
		{B9CF243C-C838-4A1A-A827-4BFF40658ADF}.Debug|Any CPU.Build.0 = Debug|Any CPU
		{B9CF243C-C838-4A1A-A827-4BFF40658ADF}.Release|Any CPU.ActiveCfg = Release|Any CPU
		{B9CF243C-C838-4A1A-A827-4BFF40658ADF}.Release|Any CPU.Build.0 = Release|Any CPU
	EndGlobalSection
	GlobalSection(SolutionProperties) = preSolution
		HideSolutionNode = FALSE
	EndGlobalSection
	GlobalSection(ExtensibilityGlobals) = postSolution
		SolutionGuid = {EC67BC57-F956-438C-980C-4F08FA7B659F}
	EndGlobalSection
EndGlobal
